
Microsoft Visual Studio Solution File, Format Version 12.00
# Visual Studio Version 17
VisualStudioVersion = 17.11.35312.102
MinimumVisualStudioVersion = 10.0.40219.1
Project("{FAE04EC0-301F-11D3-BF4B-00C04F79EFBC}") = "backend.template.AppHost", "backend.template\backend.template.AppHost\backend.template.AppHost.csproj", "{A5C5F599-477D-48DD-84C7-D8826B51E07D}"
EndProject
Project("{9A19103F-16F7-4668-BE54-9A1E7A4F7556}") = "backend.template.ServiceDefaults", "backend.template\backend.template.ServiceDefaults\backend.template.ServiceDefaults.csproj", "{999671B8-F3BE-4778-B305-CA1EC1B26090}"
EndProject
Project("{9A19103F-16F7-4668-BE54-9A1E7A4F7556}") = "backend.template.Scheduler", "backend.template.Scheduler\backend.template.Scheduler.csproj", "{ACCC978F-B3EB-4A38-A320-E8334903F3EA}"
EndProject
Project("{9A19103F-16F7-4668-BE54-9A1E7A4F7556}") = "backend.template.Core", "backend.template.Core\backend.template.Core.csproj", "{D327594C-D5E8-41B0-9896-033F2FCB915F}"
EndProject
Project("{FAE04EC0-301F-11D3-BF4B-00C04F79EFBC}") = "backend.template.Data", "backend.template.Data\backend.template.Data.csproj", "{96834927-8359-4E13-BD08-11373EF75C08}"
EndProject
Global
	GlobalSection(SolutionConfigurationPlatforms) = preSolution
		Debug|Any CPU = Debug|Any CPU
		Release|Any CPU = Release|Any CPU
	EndGlobalSection
	GlobalSection(ProjectConfigurationPlatforms) = postSolution
		{A5C5F599-477D-48DD-84C7-D8826B51E07D}.Debug|Any CPU.ActiveCfg = Debug|Any CPU
		{A5C5F599-477D-48DD-84C7-D8826B51E07D}.Debug|Any CPU.Build.0 = Debug|Any CPU
		{A5C5F599-477D-48DD-84C7-D8826B51E07D}.Release|Any CPU.ActiveCfg = Release|Any CPU
		{A5C5F599-477D-48DD-84C7-D8826B51E07D}.Release|Any CPU.Build.0 = Release|Any CPU
		{999671B8-F3BE-4778-B305-CA1EC1B26090}.Debug|Any CPU.ActiveCfg = Debug|Any CPU
		{999671B8-F3BE-4778-B305-CA1EC1B26090}.Debug|Any CPU.Build.0 = Debug|Any CPU
		{999671B8-F3BE-4778-B305-CA1EC1B26090}.Release|Any CPU.ActiveCfg = Release|Any CPU
		{999671B8-F3BE-4778-B305-CA1EC1B26090}.Release|Any CPU.Build.0 = Release|Any CPU
		{ACCC978F-B3EB-4A38-A320-E8334903F3EA}.Debug|Any CPU.ActiveCfg = Debug|Any CPU
		{ACCC978F-B3EB-4A38-A320-E8334903F3EA}.Debug|Any CPU.Build.0 = Debug|Any CPU
		{ACCC978F-B3EB-4A38-A320-E8334903F3EA}.Release|Any CPU.ActiveCfg = Release|Any CPU
		{ACCC978F-B3EB-4A38-A320-E8334903F3EA}.Release|Any CPU.Build.0 = Release|Any CPU
		{D327594C-D5E8-41B0-9896-033F2FCB915F}.Debug|Any CPU.ActiveCfg = Debug|Any CPU
		{D327594C-D5E8-41B0-9896-033F2FCB915F}.Debug|Any CPU.Build.0 = Debug|Any CPU
		{D327594C-D5E8-41B0-9896-033F2FCB915F}.Release|Any CPU.ActiveCfg = Release|Any CPU
		{D327594C-D5E8-41B0-9896-033F2FCB915F}.Release|Any CPU.Build.0 = Release|Any CPU
		{96834927-8359-4E13-BD08-11373EF75C08}.Debug|Any CPU.ActiveCfg = Debug|Any CPU
		{96834927-8359-4E13-BD08-11373EF75C08}.Debug|Any CPU.Build.0 = Debug|Any CPU
		{96834927-8359-4E13-BD08-11373EF75C08}.Release|Any CPU.ActiveCfg = Release|Any CPU
		{96834927-8359-4E13-BD08-11373EF75C08}.Release|Any CPU.Build.0 = Release|Any CPU
	EndGlobalSection
	GlobalSection(SolutionProperties) = preSolution
		HideSolutionNode = FALSE
	EndGlobalSection
	GlobalSection(ExtensibilityGlobals) = postSolution
		SolutionGuid = {B4961085-F24A-4956-B257-856FEA26432A}
	EndGlobalSection
EndGlobal
